
Microsoft Visual Studio Solution File, Format Version 12.00
# Visual Studio Version 17
VisualStudioVersion = 17.3.32929.385
MinimumVisualStudioVersion = 10.0.40219.1
Project("{FAE04EC0-301F-11D3-BF4B-00C04F79EFBC}") = "OOP Basics", "OOP Basics\OOP Basics.csproj", "{957C50CA-8EE1-412C-A9D3-2CDAA3B91C63}"
EndProject
Global
	GlobalSection(SolutionConfigurationPlatforms) = preSolution
		Debug|Any CPU = Debug|Any CPU
		Release|Any CPU = Release|Any CPU
	EndGlobalSection
	GlobalSection(ProjectConfigurationPlatforms) = postSolution
		{957C50CA-8EE1-412C-A9D3-2CDAA3B91C63}.Debug|Any CPU.ActiveCfg = Debug|Any CPU
		{957C50CA-8EE1-412C-A9D3-2CDAA3B91C63}.Debug|Any CPU.Build.0 = Debug|Any CPU
		{957C50CA-8EE1-412C-A9D3-2CDAA3B91C63}.Release|Any CPU.ActiveCfg = Release|Any CPU
		{957C50CA-8EE1-412C-A9D3-2CDAA3B91C63}.Release|Any CPU.Build.0 = Release|Any CPU
	EndGlobalSection
	GlobalSection(SolutionProperties) = preSolution
		HideSolutionNode = FALSE
	EndGlobalSection
	GlobalSection(ExtensibilityGlobals) = postSolution
		SolutionGuid = {F2701950-8418-46FA-87E8-A2BAE3D95F42}
	EndGlobalSection
EndGlobal
